
Microsoft Visual Studio Solution File, Format Version 12.00
# Visual Studio 2013
VisualStudioVersion = 12.0.30723.0
MinimumVisualStudioVersion = 10.0.40219.1
Project("{FAE04EC0-301F-11D3-BF4B-00C04F79EFBC}") = "JasmineDemoForCignaOffshore", "JasmineDemoForCignaOffshore\JasmineDemoForCignaOffshore.csproj", "{B65FC5FF-84AF-44D8-BC6B-EC5C4140B826}"
EndProject
Project("{FAE04EC0-301F-11D3-BF4B-00C04F79EFBC}") = "JasmineUnitTests", "JasmineUnitTests\JasmineUnitTests.csproj", "{C8A84977-03B7-41A2-89C5-952D47F0296B}"
EndProject
Project("{2150E333-8FDC-42A3-9474-1A3956D46DE8}") = ".nuget", ".nuget", "{DA1F21D1-B83E-418A-A358-6C42065DC825}"
	ProjectSection(SolutionItems) = preProject
		.nuget\packages.config = .nuget\packages.config
	EndProjectSection
EndProject
Global
	GlobalSection(SolutionConfigurationPlatforms) = preSolution
		Debug|Any CPU = Debug|Any CPU
		Release|Any CPU = Release|Any CPU
	EndGlobalSection
	GlobalSection(ProjectConfigurationPlatforms) = postSolution
		{B65FC5FF-84AF-44D8-BC6B-EC5C4140B826}.Debug|Any CPU.ActiveCfg = Debug|Any CPU
		{B65FC5FF-84AF-44D8-BC6B-EC5C4140B826}.Debug|Any CPU.Build.0 = Debug|Any CPU
		{B65FC5FF-84AF-44D8-BC6B-EC5C4140B826}.Release|Any CPU.ActiveCfg = Release|Any CPU
		{B65FC5FF-84AF-44D8-BC6B-EC5C4140B826}.Release|Any CPU.Build.0 = Release|Any CPU
		{C8A84977-03B7-41A2-89C5-952D47F0296B}.Debug|Any CPU.ActiveCfg = Debug|Any CPU
		{C8A84977-03B7-41A2-89C5-952D47F0296B}.Debug|Any CPU.Build.0 = Debug|Any CPU
		{C8A84977-03B7-41A2-89C5-952D47F0296B}.Release|Any CPU.ActiveCfg = Release|Any CPU
		{C8A84977-03B7-41A2-89C5-952D47F0296B}.Release|Any CPU.Build.0 = Release|Any CPU
	EndGlobalSection
	GlobalSection(SolutionProperties) = preSolution
		HideSolutionNode = FALSE
	EndGlobalSection
EndGlobal
